# This file is automatically @generated by Cargo.
# It is not intended for manual editing.
version = 4

[[package]]
name = "adapter-documents"
version = "0.1.0"

[[package]]
name = "adapter-files"
version = "0.1.0"

[[package]]
name = "adapter-spreadsheet"
version = "0.1.0"

[[package]]
name = "execution-engine"
version = "0.1.0"

[[package]]
name = "local-ai"
version = "0.1.0"

[[package]]
name = "observation"
version = "0.1.0"

[[package]]
name = "policy-engine"
version = "0.1.0"

[[package]]
name = "storage"
version = "0.1.0"

[[package]]
name = "verification-engine"
version = "0.1.0"

[[package]]
name = "workflow-engine"
version = "0.1.0"
